// !$*UTF8*$!
{
	archiveVersion = 1;
	classes = {
	};
	objectVersion = 50;
	objects = {

/* Begin PBXBuildFile section */
		4226513E2458C8DB000499A8 /* AppDelegate.swift in Sources */ = {isa = PBXBuildFile; fileRef = 4226513D2458C8DB000499A8 /* AppDelegate.swift */; };
		422651402458C8DB000499A8 /* SceneDelegate.swift in Sources */ = {isa = PBXBuildFile; fileRef = 4226513F2458C8DB000499A8 /* SceneDelegate.swift */; };
		422651422458C8DB000499A8 /* ViewController.swift in Sources */ = {isa = PBXBuildFile; fileRef = 422651412458C8DB000499A8 /* ViewController.swift */; };
		422651452458C8DB000499A8 /* Main.storyboard in Resources */ = {isa = PBXBuildFile; fileRef = 422651432458C8DB000499A8 /* Main.storyboard */; };
		422651472458C8DB000499A8 /* Assets.xcassets in Resources */ = {isa = PBXBuildFile; fileRef = 422651462458C8DB000499A8 /* Assets.xcassets */; };
		4226514A2458C8DB000499A8 /* LaunchScreen.storyboard in Resources */ = {isa = PBXBuildFile; fileRef = 422651482458C8DB000499A8 /* LaunchScreen.storyboard */; };
		422651522458E461000499A8 /* ImageView_ViewController.swift in Sources */ = {isa = PBXBuildFile; fileRef = 422651512458E461000499A8 /* ImageView_ViewController.swift */; };
/* End PBXBuildFile section */

/* Begin PBXFileReference section */
		4226513A2458C8DB000499A8 /* pencilkitDemo.app */ = {isa = PBXFileReference; explicitFileType = wrapper.application; includeInIndex = 0; path = pencilkitDemo.app; sourceTree = BUILT_PRODUCTS_DIR; };
		4226513D2458C8DB000499A8 /* AppDelegate.swift */ = {isa = PBXFileReference; lastKnownFileType = sourcecode.swift; path = AppDelegate.swift; sourceTree = "<group>"; };
		4226513F2458C8DB000499A8 /* SceneDelegate.swift */ = {isa = PBXFileReference; lastKnownFileType = sourcecode.swift; path = SceneDelegate.swift; sourceTree = "<group>"; };
		422651412458C8DB000499A8 /* ViewController.swift */ = {isa = PBXFileReference; lastKnownFileType = sourcecode.swift; path = ViewController.swift; sourceTree = "<group>"; };
		422651442458C8DB000499A8 /* Base */ = {isa = PBXFileReference; lastKnownFileType = file.storyboard; name = Base; path = Base.lproj/Main.storyboard; sourceTree = "<group>"; };
		422651462458C8DB000499A8 /* Assets.xcassets */ = {isa = PBXFileReference; lastKnownFileType = folder.assetcatalog; path = Assets.xcassets; sourceTree = "<group>"; };
		422651492458C8DB000499A8 /* Base */ = {isa = PBXFileReference; lastKnownFileType = file.storyboard; name = Base; path = Base.lproj/LaunchScreen.storyboard; sourceTree = "<group>"; };
		4226514B2458C8DB000499A8 /* Info.plist */ = {isa = PBXFileReference; lastKnownFileType = text.plist.xml; path = Info.plist; sourceTree = "<group>"; };
		422651512458E461000499A8 /* ImageView_ViewController.swift */ = {isa = PBXFileReference; lastKnownFileType = sourcecode.swift; path = ImageView_ViewController.swift; sourceTree = "<group>"; };
/* End PBXFileReference section */

/* Begin PBXFrameworksBuildPhase section */
		422651372458C8DB000499A8 /* Frameworks */ = {
			isa = PBXFrameworksBuildPhase;
			buildActionMask = 2147483647;
			files = (
			);
			runOnlyForDeploymentPostprocessing = 0;
		};
/* End PBXFrameworksBuildPhase section */

/* Begin PBXGroup section */
		422651312458C8DB000499A8 = {
			isa = PBXGroup;
			children = (
				4226513C2458C8DB000499A8 /* pencilkitDemo */,
				4226513B2458C8DB000499A8 /* Products */,
			);
			sourceTree = "<group>";
		};
		4226513B2458C8DB000499A8 /* Products */ = {
			isa = PBXGroup;
			children = (
				4226513A2458C8DB000499A8 /* pencilkitDemo.app */,
			);
			name = Products;
			sourceTree = "<group>";
		};
		4226513C2458C8DB000499A8 /* pencilkitDemo */ = {
			isa = PBXGroup;
			children = (
				4226513D2458C8DB000499A8 /* AppDelegate.swift */,
				422651512458E461000499A8 /* ImageView_ViewController.swift */,
				4226513F2458C8DB000499A8 /* SceneDelegate.swift */,
				422651412458C8DB000499A8 /* ViewController.swift */,
				422651432458C8DB000499A8 /* Main.storyboard */,
				422651462458C8DB000499A8 /* Assets.xcassets */,
				422651482458C8DB000499A8 /* LaunchScreen.storyboard */,
				4226514B2458C8DB000499A8 /* Info.plist */,
			);
			path = pencilkitDemo;
			sourceTree = "<group>";
		};
/* End PBXGroup section */

/* Begin PBXNativeTarget section */
		422651392458C8DB000499A8 /* pencilkitDemo */ = {
			isa = PBXNativeTarget;
			buildConfigurationList = 4226514E2458C8DB000499A8 /* Build configuration list for PBXNativeTarget "pencilkitDemo" */;
			buildPhases = (
				422651362458C8DB000499A8 /* Sources */,
				422651372458C8DB000499A8 /* Frameworks */,
				422651382458C8DB000499A8 /* Resources */,
			);
			buildRules = (
			);
			dependencies = (
			);
			name = pencilkitDemo;
			productName = pencilkitDemo;
			productReference = 4226513A2458C8DB000499A8 /* pencilkitDemo.app */;
			productType = "com.apple.product-type.application";
		};
/* End PBXNativeTarget section */

/* Begin PBXProject section */
		422651322458C8DB000499A8 /* Project object */ = {
			isa = PBXProject;
			attributes = {
				LastSwiftUpdateCheck = 1140;
				LastUpgradeCheck = 1140;
				ORGANIZATIONNAME = as;
				TargetAttributes = {
					422651392458C8DB000499A8 = {
						CreatedOnToolsVersion = 11.4.1;
					};
				};
			};
			buildConfigurationList = 422651352458C8DB000499A8 /* Build configuration list for PBXProject "pencilkitDemo" */;
			compatibilityVersion = "Xcode 9.3";
			developmentRegion = en;
			hasScannedForEncodings = 0;
			knownRegions = (
				en,
				Base,
			);
			mainGroup = 422651312458C8DB000499A8;
			productRefGroup = 4226513B2458C8DB000499A8 /* Products */;
			projectDirPath = "";
			projectRoot = "";
			targets = (
				422651392458C8DB000499A8 /* pencilkitDemo */,
			);
		};
/* End PBXProject section */

/* Begin PBXResourcesBuildPhase section */
		422651382458C8DB000499A8 /* Resources */ = {
			isa = PBXResourcesBuildPhase;
			buildActionMask = 2147483647;
			files = (
				4226514A2458C8DB000499A8 /* LaunchScreen.storyboard in Resources */,
				422651472458C8DB000499A8 /* Assets.xcassets in Resources */,
				422651452458C8DB000499A8 /* Main.storyboard in Resources */,
			);
			runOnlyForDeploymentPostprocessing = 0;
		};
/* End PBXResourcesBuildPhase section */

/* Begin PBXSourcesBuildPhase section */
		422651362458C8DB000499A8 /* Sources */ = {
			isa = PBXSourcesBuildPhase;
			buildActionMask = 2147483647;
			files = (
				422651422458C8DB000499A8 /* ViewController.swift in Sources */,
				422651522458E461000499A8 /* ImageView_ViewController.swift in Sources */,
				4226513E2458C8DB000499A8 /* AppDelegate.swift in Sources */,
				422651402458C8DB000499A8 /* SceneDelegate.swift in Sources */,
			);
			runOnlyForDeploymentPostprocessing = 0;
		};
/* End PBXSourcesBuildPhase section */

/* Begin PBXVariantGroup section */
		422651432458C8DB000499A8 /* Main.storyboard */ = {
			isa = PBXVariantGroup;
			children = (
				422651442458C8DB000499A8 /* Base */,
			);
			name = Main.storyboard;
			sourceTree = "<group>";
		};
		422651482458C8DB000499A8 /* LaunchScreen.storyboard */ = {
			isa = PBXVariantGroup;
			children = (
				422651492458C8DB000499A8 /* Base */,
			);
			name = LaunchScreen.storyboard;
			sourceTree = "<group>";
		};
/* End PBXVariantGroup section */

/* Begin XCBuildConfiguration section */
		4226514C2458C8DB000499A8 /* Debug */ = {
			isa = XCBuildConfiguration;
			buildSettings = {
				ALWAYS_SEARCH_USER_PATHS = NO;
				CLANG_ANALYZER_NONNULL = YES;
				CLANG_ANALYZER_NUMBER_OBJECT_CONVERSION = YES_AGGRESSIVE;
				CLANG_CXX_LANGUAGE_STANDARD = "gnu++14";
				CLANG_CXX_LIBRARY = "libc++";
				CLANG_ENABLE_MODULES = YES;
				CLANG_ENABLE_OBJC_ARC = YES;
				CLANG_ENABLE_OBJC_WEAK = YES;
				CLANG_WARN_BLOCK_CAPTURE_AUTORELEASING = YES;
				CLANG_WARN_BOOL_CONVERSION = YES;
				CLANG_WARN_COMMA = YES;
				CLANG_WARN_CONSTANT_CONVERSION = YES;
				CLANG_WARN_DEPRECATED_OBJC_IMPLEMENTATIONS = YES;
				CLANG_WARN_DIRECT_OBJC_ISA_USAGE = YES_ERROR;
				CLANG_WARN_DOCUMENTATION_COMMENTS = YES;
				CLANG_WARN_EMPTY_BODY = YES;
				CLANG_WARN_ENUM_CONVERSION = YES;
				CLANG_WARN_INFINITE_RECURSION = YES;
				CLANG_WARN_INT_CONVERSION = YES;
				CLANG_WARN_NON_LITERAL_NULL_CONVERSION = YES;
				CLANG_WARN_OBJC_IMPLICIT_RETAIN_SELF = YES;
				CLANG_WARN_OBJC_LITERAL_CONVERSION = YES;
				CLANG_WARN_OBJC_ROOT_CLASS = YES_ERROR;
				CLANG_WARN_RANGE_LOOP_ANALYSIS = YES;
				CLANG_WARN_STRICT_PROTOTYPES = YES;
				CLANG_WARN_SUSPICIOUS_MOVE = YES;
				CLANG_WARN_UNGUARDED_AVAILABILITY = YES_AGGRESSIVE;
				CLANG_WARN_UNREACHABLE_CODE = YES;
				CLANG_WARN__DUPLICATE_METHOD_MATCH = YES;
				COPY_PHASE_STRIP = NO;
				DEBUG_INFORMATION_FORMAT = dwarf;
				ENABLE_STRICT_OBJC_MSGSEND = YES;
				ENABLE_TESTABILITY = YES;
				GCC_C_LANGUAGE_STANDARD = gnu11;
				GCC_DYNAMIC_NO_PIC = NO;
				GCC_NO_COMMON_BLOCKS = YES;
				GCC_OPTIMIZATION_LEVEL = 0;
				GCC_PREPROCESSOR_DEFINITIONS = (
					"DEBUG=1",
					"$(inherited)",
				);
				GCC_WARN_64_TO_32_BIT_CONVERSION = YES;
				GCC_WARN_ABOUT_RETURN_TYPE = YES_ERROR;
				GCC_WARN_UNDECLARED_SELECTOR = YES;
				GCC_WARN_UNINITIALIZED_AUTOS = YES_AGGRESSIVE;
				GCC_WARN_UNUSED_FUNCTION = YES;
				GCC_WARN_UNUSED_VARIABLE = YES;
				IPHONEOS_DEPLOYMENT_TARGET = 13.4;
				MTL_ENABLE_DEBUG_INFO = INCLUDE_SOURCE;
				MTL_FAST_MATH = YES;
				ONLY_ACTIVE_ARCH = YES;
				SDKROOT = iphoneos;
				SWIFT_ACTIVE_COMPILATION_CONDITIONS = DEBUG;
				SWIFT_OPTIMIZATION_LEVEL = "-Onone";
			};
			name = Debug;
		};
		4226514D2458C8DB000499A8 /* Release */ = {
			isa = XCBuildConfiguration;
			buildSettings = {
				ALWAYS_SEARCH_USER_PATHS = NO;
				CLANG_ANALYZER_NONNULL = YES;
				CLANG_ANALYZER_NUMBER_OBJECT_CONVERSION = YES_AGGRESSIVE;
				CLANG_CXX_LANGUAGE_STANDARD = "gnu++14";
				CLANG_CXX_LIBRARY = "libc++";
				CLANG_ENABLE_MODULES = YES;
				CLANG_ENABLE_OBJC_ARC = YES;
				CLANG_ENABLE_OBJC_WEAK = YES;
				CLANG_WARN_BLOCK_CAPTURE_AUTORELEASING = YES;
				CLANG_WARN_BOOL_CONVERSION = YES;
				CLANG_WARN_COMMA = YES;
				CLANG_WARN_CONSTANT_CONVERSION = YES;
				CLANG_WARN_DEPRECATED_OBJC_IMPLEMENTATIONS = YES;
				CLANG_WARN_DIRECT_OBJC_ISA_USAGE = YES_ERROR;
				CLANG_WARN_DOCUMENTATION_COMMENTS = YES;
				CLANG_WARN_EMPTY_BODY = YES;
				CLANG_WARN_ENUM_CONVERSION = YES;
				CLANG_WARN_INFINITE_RECURSION = YES;
				CLANG_WARN_INT_CONVERSION = YES;
				CLANG_WARN_NON_LITERAL_NULL_CONVERSION = YES;
				CLANG_WARN_OBJC_IMPLICIT_RETAIN_SELF = YES;
				CLANG_WARN_OBJC_LITERAL_CONVERSION = YES;
				CLANG_WARN_OBJC_ROOT_CLASS = YES_ERROR;
				CLANG_WARN_RANGE_LOOP_ANALYSIS = YES;
				CLANG_WARN_STRICT_PROTOTYPES = YES;
				CLANG_WARN_SUSPICIOUS_MOVE = YES;
				CLANG_WARN_UNGUARDED_AVAILABILITY = YES_AGGRESSIVE;
				CLANG_WARN_UNREACHABLE_CODE = YES;
				CLANG_WARN__DUPLICATE_METHOD_MATCH = YES;
				COPY_PHASE_STRIP = NO;
				DEBUG_INFORMATION_FORMAT = "dwarf-with-dsym";
				ENABLE_NS_ASSERTIONS = NO;
				ENABLE_STRICT_OBJC_MSGSEND = YES;
				GCC_C_LANGUAGE_STANDARD = gnu11;
				GCC_NO_COMMON_BLOCKS = YES;
				GCC_WARN_64_TO_32_BIT_CONVERSION = YES;
				GCC_WARN_ABOUT_RETURN_TYPE = YES_ERROR;
				GCC_WARN_UNDECLARED_SELECTOR = YES;
				GCC_WARN_UNINITIALIZED_AUTOS = YES_AGGRESSIVE;
				GCC_WARN_UNUSED_FUNCTION = YES;
				GCC_WARN_UNUSED_VARIABLE = YES;
				IPHONEOS_DEPLOYMENT_TARGET = 13.4;
				MTL_ENABLE_DEBUG_INFO = NO;
				MTL_FAST_MATH = YES;
				SDKROOT = iphoneos;
				SWIFT_COMPILATION_MODE = wholemodule;
				SWIFT_OPTIMIZATION_LEVEL = "-O";
				VALIDATE_PRODUCT = YES;
			};
			name = Release;
		};
		4226514F2458C8DB000499A8 /* Debug */ = {
			isa = XCBuildConfiguration;
			buildSettings = {
				ASSETCATALOG_COMPILER_APPICON_NAME = AppIcon;
				CODE_SIGN_STYLE = Automatic;
				INFOPLIST_FILE = pencilkitDemo/Info.plist;
				IPHONEOS_DEPLOYMENT_TARGET = 13.3;
				LD_RUNPATH_SEARCH_PATHS = (
					"$(inherited)",
					"@executable_path/Frameworks",
				);
				PRODUCT_BUNDLE_IDENTIFIER = nawaf.pencilkitDemo;
				PRODUCT_NAME = "$(TARGET_NAME)";
				SWIFT_VERSION = 5.0;
				TARGETED_DEVICE_FAMILY = "1,2";
			};
			name = Debug;
		};
		422651502458C8DB000499A8 /* Release */ = {
			isa = XCBuildConfiguration;
			buildSettings = {
				ASSETCATALOG_COMPILER_APPICON_NAME = AppIcon;
				CODE_SIGN_STYLE = Automatic;
				INFOPLIST_FILE = pencilkitDemo/Info.plist;
				IPHONEOS_DEPLOYMENT_TARGET = 13.3;
				LD_RUNPATH_SEARCH_PATHS = (
					"$(inherited)",
					"@executable_path/Frameworks",
				);
				PRODUCT_BUNDLE_IDENTIFIER = nawaf.pencilkitDemo;
				PRODUCT_NAME = "$(TARGET_NAME)";
				SWIFT_VERSION = 5.0;
				TARGETED_DEVICE_FAMILY = "1,2";
			};
			name = Release;
		};
/* End XCBuildConfiguration section */

/* Begin XCConfigurationList section */
		422651352458C8DB000499A8 /* Build configuration list for PBXProject "pencilkitDemo" */ = {
			isa = XCConfigurationList;
			buildConfigurations = (
				4226514C2458C8DB000499A8 /* Debug */,
				4226514D2458C8DB000499A8 /* Release */,
			);
			defaultConfigurationIsVisible = 0;
			defaultConfigurationName = Release;
		};
		4226514E2458C8DB000499A8 /* Build configuration list for PBXNativeTarget "pencilkitDemo" */ = {
			isa = XCConfigurationList;
			buildConfigurations = (
				4226514F2458C8DB000499A8 /* Debug */,
				422651502458C8DB000499A8 /* Release */,
			);
			defaultConfigurationIsVisible = 0;
			defaultConfigurationName = Release;
		};
/* End XCConfigurationList section */
	};
	rootObject = 422651322458C8DB000499A8 /* Project object */;
}
